// !$*UTF8*$!
{
	archiveVersion = 1;
	classes = {
	};
	objectVersion = 55;
	objects = {

/* Begin PBXBuildFile section */
		F0353540279BD06500021DAE /* GameViewController.swift in Sources */ = {isa = PBXBuildFile; fileRef = F035353F279BD06500021DAE /* GameViewController.swift */; };
		F040BB1827B87DBF000CD6AF /* Background.swift in Sources */ = {isa = PBXBuildFile; fileRef = F040BB1727B87DBF000CD6AF /* Background.swift */; };
		F040BB1A27B88506000CD6AF /* BackgroundAnimation.swift in Sources */ = {isa = PBXBuildFile; fileRef = F040BB1927B88506000CD6AF /* BackgroundAnimation.swift */; };
		F084C15827AE3D360042086C /* EventHandler.swift in Sources */ = {isa = PBXBuildFile; fileRef = F084C15727AE3D360042086C /* EventHandler.swift */; };
		F0DB959E27B348C900C8887B /* PlatformAnimation.swift in Sources */ = {isa = PBXBuildFile; fileRef = F0DB959D27B348C900C8887B /* PlatformAnimation.swift */; };
		F0FFB16C27855EA60014A311 /* AppDelegate.swift in Sources */ = {isa = PBXBuildFile; fileRef = F0FFB16B27855EA60014A311 /* AppDelegate.swift */; };
		F0FFB16E27855EA60014A311 /* StartMenuViewController.swift in Sources */ = {isa = PBXBuildFile; fileRef = F0FFB16D27855EA60014A311 /* StartMenuViewController.swift */; };
		F0FFB17127855EA60014A311 /* Main.storyboard in Resources */ = {isa = PBXBuildFile; fileRef = F0FFB16F27855EA60014A311 /* Main.storyboard */; };
		F0FFB17427855EA60014A311 /* LaunchScreen.storyboard in Resources */ = {isa = PBXBuildFile; fileRef = F0FFB17227855EA60014A311 /* LaunchScreen.storyboard */; };
		F0FFB17527855EA60014A311 /* Actions.sks in Resources */ = {isa = PBXBuildFile; fileRef = F0FFB16027855EA50014A311 /* Actions.sks */; };
		F0FFB17627855EA60014A311 /* GameScene.sks in Resources */ = {isa = PBXBuildFile; fileRef = F0FFB16127855EA50014A311 /* GameScene.sks */; };
		F0FFB17727855EA60014A311 /* GameScene.swift in Sources */ = {isa = PBXBuildFile; fileRef = F0FFB16227855EA50014A311 /* GameScene.swift */; };
		F0FFB18427855FA20014A311 /* OpenCVWrapper.mm in Sources */ = {isa = PBXBuildFile; fileRef = F0FFB18327855FA20014A311 /* OpenCVWrapper.mm */; };
		F0FFB18627855FE70014A311 /* LevelGenerator.swift in Sources */ = {isa = PBXBuildFile; fileRef = F0FFB18527855FE70014A311 /* LevelGenerator.swift */; };
		F0FFB18827855FFE0014A311 /* ImageProcessor.swift in Sources */ = {isa = PBXBuildFile; fileRef = F0FFB18727855FFE0014A311 /* ImageProcessor.swift */; };
		F0FFB1902785607D0014A311 /* Monster.swift in Sources */ = {isa = PBXBuildFile; fileRef = F0FFB18C2785607D0014A311 /* Monster.swift */; };
		F0FFB1912785607D0014A311 /* GameObject.swift in Sources */ = {isa = PBXBuildFile; fileRef = F0FFB18D2785607D0014A311 /* GameObject.swift */; };
		F0FFB1922785607D0014A311 /* Platform.swift in Sources */ = {isa = PBXBuildFile; fileRef = F0FFB18E2785607D0014A311 /* Platform.swift */; };
		F0FFB1932785607D0014A311 /* Player.swift in Sources */ = {isa = PBXBuildFile; fileRef = F0FFB18F2785607D0014A311 /* Player.swift */; };
		F0FFB1A2278565630014A311 /* AssetsLibrary.framework in Frameworks */ = {isa = PBXBuildFile; fileRef = F0FFB1A1278565630014A311 /* AssetsLibrary.framework */; };
		F0FFB1A42785656B0014A311 /* CoreGraphics.framework in Frameworks */ = {isa = PBXBuildFile; fileRef = F0FFB1A32785656B0014A311 /* CoreGraphics.framework */; };
		F0FFB1A6278565720014A311 /* CoreMedia.framework in Frameworks */ = {isa = PBXBuildFile; fileRef = F0FFB1A5278565720014A311 /* CoreMedia.framework */; };
		F0FFB1A82785657B0014A311 /* CoreFoundation.framework in Frameworks */ = {isa = PBXBuildFile; fileRef = F0FFB1A72785657B0014A311 /* CoreFoundation.framework */; };
		F0FFB1AA278565840014A311 /* Accelerate.framework in Frameworks */ = {isa = PBXBuildFile; fileRef = F0FFB1A9278565840014A311 /* Accelerate.framework */; };
		F0FFB1AC278565B50014A311 /* opencv2.framework in Frameworks */ = {isa = PBXBuildFile; fileRef = F0FFB1AB278565B50014A311 /* opencv2.framework */; };
		F0FFB1AE278567050014A311 /* Assets.xcassets in Resources */ = {isa = PBXBuildFile; fileRef = F0FFB1AD278567050014A311 /* Assets.xcassets */; };
		F0FFB1D4278A584D0014A311 /* CoreMotion.framework in Frameworks */ = {isa = PBXBuildFile; fileRef = F0FFB1D3278A584D0014A311 /* CoreMotion.framework */; };
		F0FFB1D9279261290014A311 /* ImageExtractor.swift in Sources */ = {isa = PBXBuildFile; fileRef = F0FFB1D8279261290014A311 /* ImageExtractor.swift */; };
/* End PBXBuildFile section */

/* Begin PBXFileReference section */
		F035353F279BD06500021DAE /* GameViewController.swift */ = {isa = PBXFileReference; lastKnownFileType = sourcecode.swift; path = GameViewController.swift; sourceTree = "<group>"; };
		F040BB1727B87DBF000CD6AF /* Background.swift */ = {isa = PBXFileReference; lastKnownFileType = sourcecode.swift; path = Background.swift; sourceTree = "<group>"; };
		F040BB1927B88506000CD6AF /* BackgroundAnimation.swift */ = {isa = PBXFileReference; lastKnownFileType = sourcecode.swift; path = BackgroundAnimation.swift; sourceTree = "<group>"; };
		F084C15727AE3D360042086C /* EventHandler.swift */ = {isa = PBXFileReference; lastKnownFileType = sourcecode.swift; path = EventHandler.swift; sourceTree = "<group>"; };
		F0DB959D27B348C900C8887B /* PlatformAnimation.swift */ = {isa = PBXFileReference; lastKnownFileType = sourcecode.swift; path = PlatformAnimation.swift; sourceTree = "<group>"; };
		F0FFB16027855EA50014A311 /* Actions.sks */ = {isa = PBXFileReference; lastKnownFileType = file.sks; path = Actions.sks; sourceTree = "<group>"; };
		F0FFB16127855EA50014A311 /* GameScene.sks */ = {isa = PBXFileReference; lastKnownFileType = file.sks; path = GameScene.sks; sourceTree = "<group>"; };
		F0FFB16227855EA50014A311 /* GameScene.swift */ = {isa = PBXFileReference; lastKnownFileType = sourcecode.swift; path = GameScene.swift; sourceTree = "<group>"; };
		F0FFB16827855EA60014A311 /* PJ.app */ = {isa = PBXFileReference; explicitFileType = wrapper.application; includeInIndex = 0; path = PJ.app; sourceTree = BUILT_PRODUCTS_DIR; };
		F0FFB16B27855EA60014A311 /* AppDelegate.swift */ = {isa = PBXFileReference; lastKnownFileType = sourcecode.swift; path = AppDelegate.swift; sourceTree = "<group>"; };
		F0FFB16D27855EA60014A311 /* StartMenuViewController.swift */ = {isa = PBXFileReference; lastKnownFileType = sourcecode.swift; path = StartMenuViewController.swift; sourceTree = "<group>"; };
		F0FFB17027855EA60014A311 /* Base */ = {isa = PBXFileReference; lastKnownFileType = file.storyboard; name = Base; path = Base.lproj/Main.storyboard; sourceTree = "<group>"; };
		F0FFB17327855EA60014A311 /* Base */ = {isa = PBXFileReference; lastKnownFileType = file.storyboard; name = Base; path = Base.lproj/LaunchScreen.storyboard; sourceTree = "<group>"; };
		F0FFB17F27855FA10014A311 /* PJ iOS-Bridging-Header.h */ = {isa = PBXFileReference; lastKnownFileType = sourcecode.c.h; path = "PJ iOS-Bridging-Header.h"; sourceTree = "<group>"; };
		F0FFB18027855FA20014A311 /* PrefixHeader.pch */ = {isa = PBXFileReference; fileEncoding = 4; lastKnownFileType = sourcecode.c.h; path = PrefixHeader.pch; sourceTree = "<group>"; };
		F0FFB18227855FA20014A311 /* OpenCVWrapper.h */ = {isa = PBXFileReference; fileEncoding = 4; lastKnownFileType = sourcecode.c.h; path = OpenCVWrapper.h; sourceTree = "<group>"; };
		F0FFB18327855FA20014A311 /* OpenCVWrapper.mm */ = {isa = PBXFileReference; fileEncoding = 4; lastKnownFileType = sourcecode.cpp.objcpp; path = OpenCVWrapper.mm; sourceTree = "<group>"; };
		F0FFB18527855FE70014A311 /* LevelGenerator.swift */ = {isa = PBXFileReference; fileEncoding = 4; lastKnownFileType = sourcecode.swift; path = LevelGenerator.swift; sourceTree = "<group>"; };
		F0FFB18727855FFE0014A311 /* ImageProcessor.swift */ = {isa = PBXFileReference; fileEncoding = 4; lastKnownFileType = sourcecode.swift; path = ImageProcessor.swift; sourceTree = "<group>"; };
		F0FFB18C2785607D0014A311 /* Monster.swift */ = {isa = PBXFileReference; fileEncoding = 4; lastKnownFileType = sourcecode.swift; path = Monster.swift; sourceTree = "<group>"; };
		F0FFB18D2785607D0014A311 /* GameObject.swift */ = {isa = PBXFileReference; fileEncoding = 4; lastKnownFileType = sourcecode.swift; path = GameObject.swift; sourceTree = "<group>"; };
		F0FFB18E2785607D0014A311 /* Platform.swift */ = {isa = PBXFileReference; fileEncoding = 4; lastKnownFileType = sourcecode.swift; path = Platform.swift; sourceTree = "<group>"; };
		F0FFB18F2785607D0014A311 /* Player.swift */ = {isa = PBXFileReference; fileEncoding = 4; lastKnownFileType = sourcecode.swift; path = Player.swift; sourceTree = "<group>"; };
		F0FFB1A1278565630014A311 /* AssetsLibrary.framework */ = {isa = PBXFileReference; lastKnownFileType = wrapper.framework; name = AssetsLibrary.framework; path = Platforms/iPhoneOS.platform/Developer/SDKs/iPhoneOS15.0.sdk/System/Library/Frameworks/AssetsLibrary.framework; sourceTree = DEVELOPER_DIR; };
		F0FFB1A32785656B0014A311 /* CoreGraphics.framework */ = {isa = PBXFileReference; lastKnownFileType = wrapper.framework; name = CoreGraphics.framework; path = Platforms/iPhoneOS.platform/Developer/SDKs/iPhoneOS15.0.sdk/System/Library/Frameworks/CoreGraphics.framework; sourceTree = DEVELOPER_DIR; };
		F0FFB1A5278565720014A311 /* CoreMedia.framework */ = {isa = PBXFileReference; lastKnownFileType = wrapper.framework; name = CoreMedia.framework; path = Platforms/iPhoneOS.platform/Developer/SDKs/iPhoneOS15.0.sdk/System/Library/Frameworks/CoreMedia.framework; sourceTree = DEVELOPER_DIR; };
		F0FFB1A72785657B0014A311 /* CoreFoundation.framework */ = {isa = PBXFileReference; lastKnownFileType = wrapper.framework; name = CoreFoundation.framework; path = Platforms/iPhoneOS.platform/Developer/SDKs/iPhoneOS15.0.sdk/System/Library/Frameworks/CoreFoundation.framework; sourceTree = DEVELOPER_DIR; };
		F0FFB1A9278565840014A311 /* Accelerate.framework */ = {isa = PBXFileReference; lastKnownFileType = wrapper.framework; name = Accelerate.framework; path = Platforms/iPhoneOS.platform/Developer/SDKs/iPhoneOS15.0.sdk/System/Library/Frameworks/Accelerate.framework; sourceTree = DEVELOPER_DIR; };
		F0FFB1AB278565B50014A311 /* opencv2.framework */ = {isa = PBXFileReference; lastKnownFileType = wrapper.framework; name = opencv2.framework; path = ../ThirdPartyFrameworks/opencv2.framework; sourceTree = "<group>"; };
		F0FFB1AD278567050014A311 /* Assets.xcassets */ = {isa = PBXFileReference; lastKnownFileType = folder.assetcatalog; path = Assets.xcassets; sourceTree = "<group>"; };
		F0FFB1D3278A584D0014A311 /* CoreMotion.framework */ = {isa = PBXFileReference; lastKnownFileType = wrapper.framework; name = CoreMotion.framework; path = Platforms/iPhoneOS.platform/Developer/SDKs/iPhoneOS15.0.sdk/System/Library/Frameworks/CoreMotion.framework; sourceTree = DEVELOPER_DIR; };
		F0FFB1D8279261290014A311 /* ImageExtractor.swift */ = {isa = PBXFileReference; lastKnownFileType = sourcecode.swift; path = ImageExtractor.swift; sourceTree = "<group>"; };
/* End PBXFileReference section */

/* Begin PBXFrameworksBuildPhase section */
		F0FFB16527855EA60014A311 /* Frameworks */ = {
			isa = PBXFrameworksBuildPhase;
			buildActionMask = 2147483647;
			files = (
				F0FFB1D4278A584D0014A311 /* CoreMotion.framework in Frameworks */,
				F0FFB1AC278565B50014A311 /* opencv2.framework in Frameworks */,
				F0FFB1AA278565840014A311 /* Accelerate.framework in Frameworks */,
				F0FFB1A82785657B0014A311 /* CoreFoundation.framework in Frameworks */,
				F0FFB1A6278565720014A311 /* CoreMedia.framework in Frameworks */,
				F0FFB1A42785656B0014A311 /* CoreGraphics.framework in Frameworks */,
				F0FFB1A2278565630014A311 /* AssetsLibrary.framework in Frameworks */,
			);
			runOnlyForDeploymentPostprocessing = 0;
		};
/* End PBXFrameworksBuildPhase section */

/* Begin PBXGroup section */
		F0DB959C27B348B200C8887B /* Animations */ = {
			isa = PBXGroup;
			children = (
				F0DB959D27B348C900C8887B /* PlatformAnimation.swift */,
				F040BB1927B88506000CD6AF /* BackgroundAnimation.swift */,
			);
			path = Animations;
			sourceTree = "<group>";
		};
		F0FFB15A27855EA50014A311 = {
			isa = PBXGroup;
			children = (
				F0FFB15F27855EA50014A311 /* PJ Shared */,
				F0FFB16A27855EA60014A311 /* PJ iOS */,
				F0FFB16927855EA60014A311 /* Products */,
				F0FFB19D2785653B0014A311 /* Frameworks */,
			);
			sourceTree = "<group>";
		};
		F0FFB15F27855EA50014A311 /* PJ Shared */ = {
			isa = PBXGroup;
			children = (
				F0FFB16027855EA50014A311 /* Actions.sks */,
				F0FFB16127855EA50014A311 /* GameScene.sks */,
				F0FFB16227855EA50014A311 /* GameScene.swift */,
				F0FFB1AD278567050014A311 /* Assets.xcassets */,
			);
			path = "PJ Shared";
			sourceTree = "<group>";
		};
		F0FFB16927855EA60014A311 /* Products */ = {
			isa = PBXGroup;
			children = (
				F0FFB16827855EA60014A311 /* PJ.app */,
			);
			name = Products;
			sourceTree = "<group>";
		};
		F0FFB16A27855EA60014A311 /* PJ iOS */ = {
			isa = PBXGroup;
			children = (
				F0DB959C27B348B200C8887B /* Animations */,
				F0FFB18727855FFE0014A311 /* ImageProcessor.swift */,
				F0FFB18527855FE70014A311 /* LevelGenerator.swift */,
				F0FFB1D8279261290014A311 /* ImageExtractor.swift */,
				F084C15727AE3D360042086C /* EventHandler.swift */,
				F0FFB18B2785607D0014A311 /* GameObjects */,
				F0FFB17E27855F5B0014A311 /* OpenCV */,
				F0FFB16B27855EA60014A311 /* AppDelegate.swift */,
				F0FFB16D27855EA60014A311 /* StartMenuViewController.swift */,
				F0FFB16F27855EA60014A311 /* Main.storyboard */,
				F0FFB17227855EA60014A311 /* LaunchScreen.storyboard */,
				F035353F279BD06500021DAE /* GameViewController.swift */,
			);
			path = "PJ iOS";
			sourceTree = "<group>";
		};
		F0FFB17E27855F5B0014A311 /* OpenCV */ = {
			isa = PBXGroup;
			children = (
				F0FFB18227855FA20014A311 /* OpenCVWrapper.h */,
				F0FFB18327855FA20014A311 /* OpenCVWrapper.mm */,
				F0FFB18027855FA20014A311 /* PrefixHeader.pch */,
				F0FFB17F27855FA10014A311 /* PJ iOS-Bridging-Header.h */,
			);
			path = OpenCV;
			sourceTree = "<group>";
		};
		F0FFB18B2785607D0014A311 /* GameObjects */ = {
			isa = PBXGroup;
			children = (
				F0FFB18C2785607D0014A311 /* Monster.swift */,
				F0FFB18D2785607D0014A311 /* GameObject.swift */,
				F0FFB18E2785607D0014A311 /* Platform.swift */,
				F0FFB18F2785607D0014A311 /* Player.swift */,
				F040BB1727B87DBF000CD6AF /* Background.swift */,
			);
			path = GameObjects;
			sourceTree = "<group>";
		};
		F0FFB19D2785653B0014A311 /* Frameworks */ = {
			isa = PBXGroup;
			children = (
				F0FFB1D3278A584D0014A311 /* CoreMotion.framework */,
				F0FFB1AB278565B50014A311 /* opencv2.framework */,
				F0FFB1A9278565840014A311 /* Accelerate.framework */,
				F0FFB1A72785657B0014A311 /* CoreFoundation.framework */,
				F0FFB1A5278565720014A311 /* CoreMedia.framework */,
				F0FFB1A32785656B0014A311 /* CoreGraphics.framework */,
				F0FFB1A1278565630014A311 /* AssetsLibrary.framework */,
			);
			name = Frameworks;
			sourceTree = "<group>";
		};
/* End PBXGroup section */

/* Begin PBXNativeTarget section */
		F0FFB16727855EA60014A311 /* PJ iOS */ = {
			isa = PBXNativeTarget;
			buildConfigurationList = F0FFB17B27855EA60014A311 /* Build configuration list for PBXNativeTarget "PJ iOS" */;
			buildPhases = (
				F0FFB16427855EA60014A311 /* Sources */,
				F0FFB16527855EA60014A311 /* Frameworks */,
				F0FFB16627855EA60014A311 /* Resources */,
			);
			buildRules = (
			);
			dependencies = (
			);
			name = "PJ iOS";
			productName = "PJ iOS";
			productReference = F0FFB16827855EA60014A311 /* PJ.app */;
			productType = "com.apple.product-type.application";
		};
/* End PBXNativeTarget section */

/* Begin PBXProject section */
		F0FFB15B27855EA50014A311 /* Project object */ = {
			isa = PBXProject;
			attributes = {
				BuildIndependentTargetsInParallel = 1;
				LastSwiftUpdateCheck = 1310;
				LastUpgradeCheck = 1310;
				TargetAttributes = {
					F0FFB16727855EA60014A311 = {
						CreatedOnToolsVersion = 13.1;
						LastSwiftMigration = 1310;
					};
				};
			};
			buildConfigurationList = F0FFB15E27855EA50014A311 /* Build configuration list for PBXProject "PJ" */;
			compatibilityVersion = "Xcode 13.0";
			developmentRegion = en;
			hasScannedForEncodings = 0;
			knownRegions = (
				en,
				Base,
			);
			mainGroup = F0FFB15A27855EA50014A311;
			productRefGroup = F0FFB16927855EA60014A311 /* Products */;
			projectDirPath = "";
			projectRoot = "";
			targets = (
				F0FFB16727855EA60014A311 /* PJ iOS */,
			);
		};
/* End PBXProject section */

/* Begin PBXResourcesBuildPhase section */
		F0FFB16627855EA60014A311 /* Resources */ = {
			isa = PBXResourcesBuildPhase;
			buildActionMask = 2147483647;
			files = (
				F0FFB17627855EA60014A311 /* GameScene.sks in Resources */,
				F0FFB17127855EA60014A311 /* Main.storyboard in Resources */,
				F0FFB17527855EA60014A311 /* Actions.sks in Resources */,
				F0FFB17427855EA60014A311 /* LaunchScreen.storyboard in Resources */,
				F0FFB1AE278567050014A311 /* Assets.xcassets in Resources */,
			);
			runOnlyForDeploymentPostprocessing = 0;
		};
/* End PBXResourcesBuildPhase section */

/* Begin PBXSourcesBuildPhase section */
		F0FFB16427855EA60014A311 /* Sources */ = {
			isa = PBXSourcesBuildPhase;
			buildActionMask = 2147483647;
			files = (
				F0FFB1922785607D0014A311 /* Platform.swift in Sources */,
				F0FFB18427855FA20014A311 /* OpenCVWrapper.mm in Sources */,
				F0FFB17727855EA60014A311 /* GameScene.swift in Sources */,
				F0FFB18627855FE70014A311 /* LevelGenerator.swift in Sources */,
				F040BB1A27B88506000CD6AF /* BackgroundAnimation.swift in Sources */,
				F0353540279BD06500021DAE /* GameViewController.swift in Sources */,
				F0DB959E27B348C900C8887B /* PlatformAnimation.swift in Sources */,
				F084C15827AE3D360042086C /* EventHandler.swift in Sources */,
				F0FFB1D9279261290014A311 /* ImageExtractor.swift in Sources */,
				F0FFB16E27855EA60014A311 /* StartMenuViewController.swift in Sources */,
				F0FFB1912785607D0014A311 /* GameObject.swift in Sources */,
				F0FFB18827855FFE0014A311 /* ImageProcessor.swift in Sources */,
				F0FFB16C27855EA60014A311 /* AppDelegate.swift in Sources */,
				F0FFB1932785607D0014A311 /* Player.swift in Sources */,
				F0FFB1902785607D0014A311 /* Monster.swift in Sources */,
				F040BB1827B87DBF000CD6AF /* Background.swift in Sources */,
			);
			runOnlyForDeploymentPostprocessing = 0;
		};
/* End PBXSourcesBuildPhase section */

/* Begin PBXVariantGroup section */
		F0FFB16F27855EA60014A311 /* Main.storyboard */ = {
			isa = PBXVariantGroup;
			children = (
				F0FFB17027855EA60014A311 /* Base */,
			);
			name = Main.storyboard;
			sourceTree = "<group>";
		};
		F0FFB17227855EA60014A311 /* LaunchScreen.storyboard */ = {
			isa = PBXVariantGroup;
			children = (
				F0FFB17327855EA60014A311 /* Base */,
			);
			name = LaunchScreen.storyboard;
			sourceTree = "<group>";
		};
/* End PBXVariantGroup section */

/* Begin XCBuildConfiguration section */
		F0FFB17927855EA60014A311 /* Debug */ = {
			isa = XCBuildConfiguration;
			buildSettings = {
				ALWAYS_SEARCH_USER_PATHS = NO;
				CLANG_ANALYZER_NONNULL = YES;
				CLANG_ANALYZER_NUMBER_OBJECT_CONVERSION = YES_AGGRESSIVE;
				CLANG_CXX_LANGUAGE_STANDARD = "gnu++17";
				CLANG_CXX_LIBRARY = "libc++";
				CLANG_ENABLE_MODULES = YES;
				CLANG_ENABLE_OBJC_ARC = YES;
				CLANG_ENABLE_OBJC_WEAK = YES;
				CLANG_WARN_BLOCK_CAPTURE_AUTORELEASING = YES;
				CLANG_WARN_BOOL_CONVERSION = YES;
				CLANG_WARN_COMMA = YES;
				CLANG_WARN_CONSTANT_CONVERSION = YES;
				CLANG_WARN_DEPRECATED_OBJC_IMPLEMENTATIONS = YES;
				CLANG_WARN_DIRECT_OBJC_ISA_USAGE = YES_ERROR;
				CLANG_WARN_DOCUMENTATION_COMMENTS = YES;
				CLANG_WARN_EMPTY_BODY = YES;
				CLANG_WARN_ENUM_CONVERSION = YES;
				CLANG_WARN_INFINITE_RECURSION = YES;
				CLANG_WARN_INT_CONVERSION = YES;
				CLANG_WARN_NON_LITERAL_NULL_CONVERSION = YES;
				CLANG_WARN_OBJC_IMPLICIT_RETAIN_SELF = YES;
				CLANG_WARN_OBJC_LITERAL_CONVERSION = YES;
				CLANG_WARN_OBJC_ROOT_CLASS = YES_ERROR;
				CLANG_WARN_QUOTED_INCLUDE_IN_FRAMEWORK_HEADER = YES;
				CLANG_WARN_RANGE_LOOP_ANALYSIS = YES;
				CLANG_WARN_STRICT_PROTOTYPES = YES;
				CLANG_WARN_SUSPICIOUS_MOVE = YES;
				CLANG_WARN_UNGUARDED_AVAILABILITY = YES_AGGRESSIVE;
				CLANG_WARN_UNREACHABLE_CODE = YES;
				CLANG_WARN__DUPLICATE_METHOD_MATCH = YES;
				COPY_PHASE_STRIP = NO;
				DEBUG_INFORMATION_FORMAT = dwarf;
				ENABLE_STRICT_OBJC_MSGSEND = YES;
				ENABLE_TESTABILITY = YES;
				EXCLUDED_ARCHS = "";
				GCC_C_LANGUAGE_STANDARD = gnu11;
				GCC_DYNAMIC_NO_PIC = NO;
				GCC_NO_COMMON_BLOCKS = YES;
				GCC_OPTIMIZATION_LEVEL = 0;
				GCC_PREPROCESSOR_DEFINITIONS = (
					"DEBUG=1",
					"$(inherited)",
				);
				GCC_WARN_64_TO_32_BIT_CONVERSION = YES;
				GCC_WARN_ABOUT_RETURN_TYPE = YES_ERROR;
				GCC_WARN_UNDECLARED_SELECTOR = YES;
				GCC_WARN_UNINITIALIZED_AUTOS = YES_AGGRESSIVE;
				GCC_WARN_UNUSED_FUNCTION = YES;
				GCC_WARN_UNUSED_VARIABLE = YES;
				MTL_ENABLE_DEBUG_INFO = INCLUDE_SOURCE;
				MTL_FAST_MATH = YES;
				ONLY_ACTIVE_ARCH = YES;
				SWIFT_ACTIVE_COMPILATION_CONDITIONS = DEBUG;
				SWIFT_OPTIMIZATION_LEVEL = "-Onone";
			};
			name = Debug;
		};
		F0FFB17A27855EA60014A311 /* Release */ = {
			isa = XCBuildConfiguration;
			buildSettings = {
				ALWAYS_SEARCH_USER_PATHS = NO;
				CLANG_ANALYZER_NONNULL = YES;
				CLANG_ANALYZER_NUMBER_OBJECT_CONVERSION = YES_AGGRESSIVE;
				CLANG_CXX_LANGUAGE_STANDARD = "gnu++17";
				CLANG_CXX_LIBRARY = "libc++";
				CLANG_ENABLE_MODULES = YES;
				CLANG_ENABLE_OBJC_ARC = YES;
				CLANG_ENABLE_OBJC_WEAK = YES;
				CLANG_WARN_BLOCK_CAPTURE_AUTORELEASING = YES;
				CLANG_WARN_BOOL_CONVERSION = YES;
				CLANG_WARN_COMMA = YES;
				CLANG_WARN_CONSTANT_CONVERSION = YES;
				CLANG_WARN_DEPRECATED_OBJC_IMPLEMENTATIONS = YES;
				CLANG_WARN_DIRECT_OBJC_ISA_USAGE = YES_ERROR;
				CLANG_WARN_DOCUMENTATION_COMMENTS = YES;
				CLANG_WARN_EMPTY_BODY = YES;
				CLANG_WARN_ENUM_CONVERSION = YES;
				CLANG_WARN_INFINITE_RECURSION = YES;
				CLANG_WARN_INT_CONVERSION = YES;
				CLANG_WARN_NON_LITERAL_NULL_CONVERSION = YES;
				CLANG_WARN_OBJC_IMPLICIT_RETAIN_SELF = YES;
				CLANG_WARN_OBJC_LITERAL_CONVERSION = YES;
				CLANG_WARN_OBJC_ROOT_CLASS = YES_ERROR;
				CLANG_WARN_QUOTED_INCLUDE_IN_FRAMEWORK_HEADER = YES;
				CLANG_WARN_RANGE_LOOP_ANALYSIS = YES;
				CLANG_WARN_STRICT_PROTOTYPES = YES;
				CLANG_WARN_SUSPICIOUS_MOVE = YES;
				CLANG_WARN_UNGUARDED_AVAILABILITY = YES_AGGRESSIVE;
				CLANG_WARN_UNREACHABLE_CODE = YES;
				CLANG_WARN__DUPLICATE_METHOD_MATCH = YES;
				COPY_PHASE_STRIP = NO;
				DEBUG_INFORMATION_FORMAT = "dwarf-with-dsym";
				ENABLE_NS_ASSERTIONS = NO;
				ENABLE_STRICT_OBJC_MSGSEND = YES;
				EXCLUDED_ARCHS = "";
				GCC_C_LANGUAGE_STANDARD = gnu11;
				GCC_NO_COMMON_BLOCKS = YES;
				GCC_WARN_64_TO_32_BIT_CONVERSION = YES;
				GCC_WARN_ABOUT_RETURN_TYPE = YES_ERROR;
				GCC_WARN_UNDECLARED_SELECTOR = YES;
				GCC_WARN_UNINITIALIZED_AUTOS = YES_AGGRESSIVE;
				GCC_WARN_UNUSED_FUNCTION = YES;
				GCC_WARN_UNUSED_VARIABLE = YES;
				MTL_ENABLE_DEBUG_INFO = NO;
				MTL_FAST_MATH = YES;
				SWIFT_COMPILATION_MODE = wholemodule;
				SWIFT_OPTIMIZATION_LEVEL = "-O";
			};
			name = Release;
		};
		F0FFB17C27855EA60014A311 /* Debug */ = {
			isa = XCBuildConfiguration;
			buildSettings = {
				ASSETCATALOG_COMPILER_APPICON_NAME = AppIcon;
				ASSETCATALOG_COMPILER_GLOBAL_ACCENT_COLOR_NAME = AccentColor;
				CLANG_ENABLE_MODULES = YES;
				CODE_SIGN_STYLE = Automatic;
				CURRENT_PROJECT_VERSION = 1;
				DEVELOPMENT_TEAM = R8GHK8844T;
				EXCLUDED_ARCHS = "";
				FRAMEWORK_SEARCH_PATHS = "/Users/comfy/Documents/Projects/ThirdPartyFrameworks/**";
				GCC_PREFIX_HEADER = "/Users/comfy/Documents/Projects/PJ/PJ iOS/OpenCV/PrefixHeader.pch";
				GENERATE_INFOPLIST_FILE = YES;
				INFOPLIST_KEY_NSPhotoLibraryUsageDescription = "This app requires access to the photo library.";
				INFOPLIST_KEY_UIApplicationSupportsIndirectInputEvents = YES;
				INFOPLIST_KEY_UILaunchStoryboardName = LaunchScreen;
				INFOPLIST_KEY_UIMainStoryboardFile = Main;
				INFOPLIST_KEY_UIStatusBarHidden = YES;
				INFOPLIST_KEY_UISupportedInterfaceOrientations_iPad = "UIInterfaceOrientationPortrait UIInterfaceOrientationPortraitUpsideDown UIInterfaceOrientationLandscapeLeft UIInterfaceOrientationLandscapeRight";
				INFOPLIST_KEY_UISupportedInterfaceOrientations_iPhone = "UIInterfaceOrientationPortrait UIInterfaceOrientationLandscapeLeft UIInterfaceOrientationLandscapeRight";
				IPHONEOS_DEPLOYMENT_TARGET = 15.0;
				LD_RUNPATH_SEARCH_PATHS = (
					"$(inherited)",
					"@executable_path/Frameworks",
				);
				MARKETING_VERSION = 1.0;
				PRODUCT_BUNDLE_IDENTIFIER = comfy.PJ;
				PRODUCT_NAME = PJ;
				SDKROOT = iphoneos;
				SWIFT_EMIT_LOC_STRINGS = YES;
				SWIFT_OBJC_BRIDGING_HEADER = "PJ iOS/OpenCV/PJ iOS-Bridging-Header.h";
				SWIFT_OPTIMIZATION_LEVEL = "-Onone";
				SWIFT_VERSION = 5.0;
				TARGETED_DEVICE_FAMILY = "1,2";
			};
			name = Debug;
		};
		F0FFB17D27855EA60014A311 /* Release */ = {
			isa = XCBuildConfiguration;
			buildSettings = {
				ASSETCATALOG_COMPILER_APPICON_NAME = AppIcon;
				ASSETCATALOG_COMPILER_GLOBAL_ACCENT_COLOR_NAME = AccentColor;
				CLANG_ENABLE_MODULES = YES;
				CODE_SIGN_STYLE = Automatic;
				CURRENT_PROJECT_VERSION = 1;
				DEVELOPMENT_TEAM = R8GHK8844T;
				EXCLUDED_ARCHS = "";
				FRAMEWORK_SEARCH_PATHS = "/Users/comfy/Documents/Projects/ThirdPartyFrameworks/**";
				GCC_PREFIX_HEADER = "/Users/comfy/Documents/Projects/PJ/PJ iOS/OpenCV/PrefixHeader.pch";
				GENERATE_INFOPLIST_FILE = YES;
				INFOPLIST_FILE = "";
				"INFOPLIST_FILE[sdk=*]" = "";
				INFOPLIST_KEY_NSPhotoLibraryUsageDescription = "This app requires access to the photo library.";
				INFOPLIST_KEY_UIApplicationSupportsIndirectInputEvents = YES;
				INFOPLIST_KEY_UILaunchStoryboardName = LaunchScreen;
				INFOPLIST_KEY_UIMainStoryboardFile = Main;
				INFOPLIST_KEY_UIStatusBarHidden = YES;
				INFOPLIST_KEY_UISupportedInterfaceOrientations_iPad = "UIInterfaceOrientationPortrait UIInterfaceOrientationPortraitUpsideDown UIInterfaceOrientationLandscapeLeft UIInterfaceOrientationLandscapeRight";
				INFOPLIST_KEY_UISupportedInterfaceOrientations_iPhone = "UIInterfaceOrientationPortrait UIInterfaceOrientationLandscapeLeft UIInterfaceOrientationLandscapeRight";
				IPHONEOS_DEPLOYMENT_TARGET = 15.0;
				LD_RUNPATH_SEARCH_PATHS = (
					"$(inherited)",
					"@executable_path/Frameworks",
				);
				MARKETING_VERSION = 1.0;
				PRODUCT_BUNDLE_IDENTIFIER = comfy.PJ;
				PRODUCT_NAME = PJ;
				SDKROOT = iphoneos;
				SWIFT_EMIT_LOC_STRINGS = YES;
				SWIFT_OBJC_BRIDGING_HEADER = "PJ iOS/OpenCV/PJ iOS-Bridging-Header.h";
				SWIFT_VERSION = 5.0;
				TARGETED_DEVICE_FAMILY = "1,2";
				VALIDATE_PRODUCT = YES;
			};
			name = Release;
		};
/* End XCBuildConfiguration section */

/* Begin XCConfigurationList section */
		F0FFB15E27855EA50014A311 /* Build configuration list for PBXProject "PJ" */ = {
			isa = XCConfigurationList;
			buildConfigurations = (
				F0FFB17927855EA60014A311 /* Debug */,
				F0FFB17A27855EA60014A311 /* Release */,
			);
			defaultConfigurationIsVisible = 0;
			defaultConfigurationName = Release;
		};
		F0FFB17B27855EA60014A311 /* Build configuration list for PBXNativeTarget "PJ iOS" */ = {
			isa = XCConfigurationList;
			buildConfigurations = (
				F0FFB17C27855EA60014A311 /* Debug */,
				F0FFB17D27855EA60014A311 /* Release */,
			);
			defaultConfigurationIsVisible = 0;
			defaultConfigurationName = Release;
		};
/* End XCConfigurationList section */
	};
	rootObject = F0FFB15B27855EA50014A311 /* Project object */;
}
